<?xml version="1.0" encoding="utf-8"?>
<Project ToolsVersion="4.0" xmlns="http://schemas.microsoft.com/developer/msbuild/2003">
  <ItemGroup>
    <ClCompile Include="..\src\main.cpp">
      <Filter>MainWindow</Filter>
    </ClCompile>
    <ClCompile Include="..\src\MainWindow.cpp">
      <Filter>MainWindow</Filter>
    </ClCompile>
    <ClCompile Include="GeneratedFiles\Debug\moc_MainWindow.cpp">
      <Filter>Generated Files\Debug</Filter>
    </ClCompile>
    <ClCompile Include="GeneratedFiles\Release\moc_MainWindow.cpp">
      <Filter>Generated Files\Release</Filter>
    </ClCompile>
    <ClCompile Include="GeneratedFiles\Debug\moc_Menu.cpp">
      <Filter>Generated Files\Debug</Filter>
    </ClCompile>
    <ClCompile Include="GeneratedFiles\Release\moc_Menu.cpp">
      <Filter>Generated Files\Release</Filter>
    </ClCompile>
    <ClCompile Include="GeneratedFiles\Debug\moc_TutorialBaseAREL.cpp">
      <Filter>Generated Files\Debug</Filter>
    </ClCompile>
    <ClCompile Include="GeneratedFiles\Release\moc_TutorialBaseAREL.cpp">
      <Filter>Generated Files\Release</Filter>
    </ClCompile>
    <ClCompile Include="..\src\TutorialBaseAREL.cpp">
      <Filter>AREL</Filter>
    </ClCompile>
    <ClCompile Include="..\src\Menu.cpp">
      <Filter>MainWindow</Filter>
    </ClCompile>
    <ClCompile Include="..\src\TutorialBase.cpp">
      <Filter>NonAREL</Filter>
    </ClCompile>
    <ClCompile Include="GeneratedFiles\Debug\moc_TutorialBase.cpp">
      <Filter>Generated Files\Debug</Filter>
    </ClCompile>
    <ClCompile Include="GeneratedFiles\Release\moc_TutorialBase.cpp">
      <Filter>Generated Files\Release</Filter>
    </ClCompile>
    <ClCompile Include="GeneratedFiles\Debug\moc_TutorialContentTypes.cpp">
      <Filter>Generated Files\Debug</Filter>
    </ClCompile>
    <ClCompile Include="GeneratedFiles\Release\moc_TutorialContentTypes.cpp">
      <Filter>Generated Files\Release</Filter>
    </ClCompile>
    <ClCompile Include="..\src\TutorialTrackingSamples.cpp">
      <Filter>NonAREL</Filter>
    </ClCompile>
    <ClCompile Include="GeneratedFiles\Debug\moc_TutorialTrackingSamples.cpp">
      <Filter>Generated Files\Debug</Filter>
    </ClCompile>
    <ClCompile Include="GeneratedFiles\Release\moc_TutorialTrackingSamples.cpp">
      <Filter>Generated Files\Release</Filter>
    </ClCompile>
    <ClCompile Include="GeneratedFiles\Debug\moc_TutorialDynamicModels.cpp">
      <Filter>Generated Files\Debug</Filter>
    </ClCompile>
    <ClCompile Include="GeneratedFiles\Release\moc_TutorialDynamicModels.cpp">
      <Filter>Generated Files\Release</Filter>
    </ClCompile>
    <ClCompile Include="..\src\TutorialInstantTracking.cpp">
      <Filter>NonAREL</Filter>
    </ClCompile>
    <ClCompile Include="GeneratedFiles\Debug\moc_TutorialInstantTracking.cpp">
      <Filter>Generated Files\Debug</Filter>
    </ClCompile>
    <ClCompile Include="GeneratedFiles\Release\moc_TutorialInstantTracking.cpp">
      <Filter>Generated Files\Release</Filter>
    </ClCompile>
    <ClCompile Include="GeneratedFiles\Debug\moc_TutorialQRCodeReader.cpp">
      <Filter>Generated Files\Debug</Filter>
    </ClCompile>
    <ClCompile Include="GeneratedFiles\Release\moc_TutorialQRCodeReader.cpp">
      <Filter>Generated Files\Release</Filter>
    </ClCompile>
    <ClCompile Include="GeneratedFiles\Debug\moc_TutorialDynamicLighting.cpp">
      <Filter>Generated Files\Debug</Filter>
    </ClCompile>
    <ClCompile Include="GeneratedFiles\Release\moc_TutorialDynamicLighting.cpp">
      <Filter>Generated Files\Release</Filter>
    </ClCompile>
    <ClCompile Include="GeneratedFiles\Debug\moc_TutorialCustomShading.cpp">
      <Filter>Generated Files\Debug</Filter>
    </ClCompile>
    <ClCompile Include="GeneratedFiles\Release\moc_TutorialCustomShading.cpp">
      <Filter>Generated Files\Release</Filter>
    </ClCompile>
    <ClCompile Include="GeneratedFiles\Debug\moc_TutorialEdgeBasedInitialization.cpp">
      <Filter>Generated Files\Debug</Filter>
    </ClCompile>
    <ClCompile Include="GeneratedFiles\Release\moc_TutorialEdgeBasedInitialization.cpp">
      <Filter>Generated Files\Release</Filter>
    </ClCompile>
    <ClCompile Include="..\src\TutorialFaceTracking.cpp">
      <Filter>NonAREL</Filter>
    </ClCompile>
  </ItemGroup>
  <ItemGroup>
    <Filter Include="MainWindow">
      <UniqueIdentifier>{0881f168-a465-4ba9-b37d-411fad345937}</UniqueIdentifier>
    </Filter>
    <Filter Include="Generated Files">
      <UniqueIdentifier>{71ED8ED8-ACB9-4CE9-BBE1-E00B30144E11}</UniqueIdentifier>
      <Extensions>moc;h;cpp</Extensions>
      <ParseFiles>true</ParseFiles>
    </Filter>
    <Filter Include="Generated Files\Debug">
      <UniqueIdentifier>{2684a778-c96c-490f-9fe0-f740ec95bdc1}</UniqueIdentifier>
      <Extensions>cpp;moc</Extensions>
      <SourceControlFiles>False</SourceControlFiles>
    </Filter>
    <Filter Include="Generated Files\Release">
      <UniqueIdentifier>{290faf70-1132-42ba-806f-46ddd3c0d568}</UniqueIdentifier>
      <Extensions>cpp;moc</Extensions>
      <SourceControlFiles>False</SourceControlFiles>
    </Filter>
    <Filter Include="AREL">
      <UniqueIdentifier>{a847ef87-b66c-4450-922a-759a966aebb1}</UniqueIdentifier>
    </Filter>
    <Filter Include="NonAREL">
      <UniqueIdentifier>{90ecde87-7147-4d25-acf7-2dd84cea96b0}</UniqueIdentifier>
    </Filter>
  </ItemGroup>
  <ItemGroup>
    <CustomBuild Include="..\src\MainWindow.h">
      <Filter>MainWindow</Filter>
    </CustomBuild>
    <CustomBuild Include="..\gui\MainWindow.ui">
      <Filter>MainWindow</Filter>
    </CustomBuild>
    <CustomBuild Include="..\src\TutorialBaseAREL.h">
      <Filter>AREL</Filter>
    </CustomBuild>
    <CustomBuild Include="..\src\Menu.h">
      <Filter>MainWindow</Filter>
    </CustomBuild>
    <CustomBuild Include="..\src\TutorialBase.h">
      <Filter>NonAREL</Filter>
    </CustomBuild>
    <CustomBuild Include="..\src\TutorialTrackingSamples.h">
      <Filter>NonAREL</Filter>
    </CustomBuild>
    <CustomBuild Include="..\src\TutorialInstantTracking.h">
      <Filter>NonAREL</Filter>
    </CustomBuild>
  </ItemGroup>
  <ItemGroup>
    <None Include="..\resources\metaioman.md2" />
    <None Include="..\resources\metaioman.png" />
  </ItemGroup>
  <ItemGroup>
    <ClInclude Include="GeneratedFiles\ui_MainWindow.h">
      <Filter>Generated Files</Filter>
    </ClInclude>
    <ClInclude Include="resource.h">
      <Filter>Generated Files</Filter>
    </ClInclude>
    <ClInclude Include="..\src\TutorialFaceTracking.h">
      <Filter>NonAREL</Filter>
    </ClInclude>
  </ItemGroup>
  <ItemGroup>
    <ResourceCompile Include="Example_Qt.rc" />
  </ItemGroup>
</Project>